
Microsoft Visual Studio Solution File, Format Version 12.00
# Visual Studio Version 17
VisualStudioVersion = 17.14.36301.6 d17.14
MinimumVisualStudioVersion = 10.0.40219.1
Project("{FAE04EC0-301F-11D3-BF4B-00C04F79EFBC}") = "BiogenomTest.API", "BiogenomTest.API\BiogenomTest.API.csproj", "{B0D0A9AE-DE0C-424D-8325-0C99655C92F3}"
EndProject
Project("{FAE04EC0-301F-11D3-BF4B-00C04F79EFBC}") = "BiogenomTest.DataAccess", "BiogenomTest.DataAccess\BiogenomTest.DataAccess.csproj", "{4BFF147A-C762-4E98-B638-AE50DED98BA0}"
EndProject
Project("{FAE04EC0-301F-11D3-BF4B-00C04F79EFBC}") = "BiogenomText.Core", "BiogenomText.Core\BiogenomText.Core.csproj", "{616EAE7B-5C84-4228-9849-864E87CFB6C3}"
EndProject
Global
	GlobalSection(SolutionConfigurationPlatforms) = preSolution
		Debug|Any CPU = Debug|Any CPU
		Release|Any CPU = Release|Any CPU
	EndGlobalSection
	GlobalSection(ProjectConfigurationPlatforms) = postSolution
		{B0D0A9AE-DE0C-424D-8325-0C99655C92F3}.Debug|Any CPU.ActiveCfg = Debug|Any CPU
		{B0D0A9AE-DE0C-424D-8325-0C99655C92F3}.Debug|Any CPU.Build.0 = Debug|Any CPU
		{B0D0A9AE-DE0C-424D-8325-0C99655C92F3}.Release|Any CPU.ActiveCfg = Release|Any CPU
		{B0D0A9AE-DE0C-424D-8325-0C99655C92F3}.Release|Any CPU.Build.0 = Release|Any CPU
		{4BFF147A-C762-4E98-B638-AE50DED98BA0}.Debug|Any CPU.ActiveCfg = Debug|Any CPU
		{4BFF147A-C762-4E98-B638-AE50DED98BA0}.Debug|Any CPU.Build.0 = Debug|Any CPU
		{4BFF147A-C762-4E98-B638-AE50DED98BA0}.Release|Any CPU.ActiveCfg = Release|Any CPU
		{4BFF147A-C762-4E98-B638-AE50DED98BA0}.Release|Any CPU.Build.0 = Release|Any CPU
		{616EAE7B-5C84-4228-9849-864E87CFB6C3}.Debug|Any CPU.ActiveCfg = Debug|Any CPU
		{616EAE7B-5C84-4228-9849-864E87CFB6C3}.Debug|Any CPU.Build.0 = Debug|Any CPU
		{616EAE7B-5C84-4228-9849-864E87CFB6C3}.Release|Any CPU.ActiveCfg = Release|Any CPU
		{616EAE7B-5C84-4228-9849-864E87CFB6C3}.Release|Any CPU.Build.0 = Release|Any CPU
	EndGlobalSection
	GlobalSection(SolutionProperties) = preSolution
		HideSolutionNode = FALSE
	EndGlobalSection
	GlobalSection(ExtensibilityGlobals) = postSolution
		SolutionGuid = {D1EDD8A3-150D-42EB-AE63-774EAA36D5B2}
	EndGlobalSection
EndGlobal
